// !$*UTF8*$!
{
	archiveVersion = 1;
	classes = {
	};
	objectVersion = 46;
	objects = {

/* Begin PBXBuildFile section */
		7762DA021C8936570032CC10 /* AppDelegate.swift in Sources */ = {isa = PBXBuildFile; fileRef = 7762DA011C8936570032CC10 /* AppDelegate.swift */; };
		7762DA041C8936570032CC10 /* ViewController.swift in Sources */ = {isa = PBXBuildFile; fileRef = 7762DA031C8936570032CC10 /* ViewController.swift */; };
		7762DA071C8936570032CC10 /* Main.storyboard in Resources */ = {isa = PBXBuildFile; fileRef = 7762DA051C8936570032CC10 /* Main.storyboard */; };
		7762DA091C8936570032CC10 /* Assets.xcassets in Resources */ = {isa = PBXBuildFile; fileRef = 7762DA081C8936570032CC10 /* Assets.xcassets */; };
		7762DA0C1C8936570032CC10 /* LaunchScreen.storyboard in Resources */ = {isa = PBXBuildFile; fileRef = 7762DA0A1C8936570032CC10 /* LaunchScreen.storyboard */; };
		CBBC4142DD0A7260AF7EEC58 /* libPods.a in Frameworks */ = {isa = PBXBuildFile; fileRef = D943F7F6F4064633B1A271F9 /* libPods.a */; };
/* End PBXBuildFile section */

/* Begin PBXFileReference section */
		7762D9FE1C8936570032CC10 /* BikePathTracker.app */ = {isa = PBXFileReference; explicitFileType = wrapper.application; includeInIndex = 0; path = BikePathTracker.app; sourceTree = BUILT_PRODUCTS_DIR; };
		7762DA011C8936570032CC10 /* AppDelegate.swift */ = {isa = PBXFileReference; lastKnownFileType = sourcecode.swift; path = AppDelegate.swift; sourceTree = "<group>"; };
		7762DA031C8936570032CC10 /* ViewController.swift */ = {isa = PBXFileReference; lastKnownFileType = sourcecode.swift; path = ViewController.swift; sourceTree = "<group>"; };
		7762DA061C8936570032CC10 /* Base */ = {isa = PBXFileReference; lastKnownFileType = file.storyboard; name = Base; path = Base.lproj/Main.storyboard; sourceTree = "<group>"; };
		7762DA081C8936570032CC10 /* Assets.xcassets */ = {isa = PBXFileReference; lastKnownFileType = folder.assetcatalog; path = Assets.xcassets; sourceTree = "<group>"; };
		7762DA0B1C8936570032CC10 /* Base */ = {isa = PBXFileReference; lastKnownFileType = file.storyboard; name = Base; path = Base.lproj/LaunchScreen.storyboard; sourceTree = "<group>"; };
		7762DA0D1C8936570032CC10 /* Info.plist */ = {isa = PBXFileReference; lastKnownFileType = text.plist.xml; path = Info.plist; sourceTree = "<group>"; };
		D943F7F6F4064633B1A271F9 /* libPods.a */ = {isa = PBXFileReference; explicitFileType = archive.ar; includeInIndex = 0; path = libPods.a; sourceTree = BUILT_PRODUCTS_DIR; };
		DA1B67921FDAAF0714331781 /* Pods.debug.xcconfig */ = {isa = PBXFileReference; includeInIndex = 1; lastKnownFileType = text.xcconfig; name = Pods.debug.xcconfig; path = "Pods/Target Support Files/Pods/Pods.debug.xcconfig"; sourceTree = "<group>"; };
		E3EAEDDD23DFD7C4C69BC5FD /* Pods.release.xcconfig */ = {isa = PBXFileReference; includeInIndex = 1; lastKnownFileType = text.xcconfig; name = Pods.release.xcconfig; path = "Pods/Target Support Files/Pods/Pods.release.xcconfig"; sourceTree = "<group>"; };
/* End PBXFileReference section */

/* Begin PBXFrameworksBuildPhase section */
		7762D9FB1C8936570032CC10 /* Frameworks */ = {
			isa = PBXFrameworksBuildPhase;
			buildActionMask = 2147483647;
			files = (
				CBBC4142DD0A7260AF7EEC58 /* libPods.a in Frameworks */,
			);
			runOnlyForDeploymentPostprocessing = 0;
		};
/* End PBXFrameworksBuildPhase section */

/* Begin PBXGroup section */
		7762D9F51C8936570032CC10 = {
			isa = PBXGroup;
			children = (
				7762DA001C8936570032CC10 /* BikePathTracker */,
				7762D9FF1C8936570032CC10 /* Products */,
				94240199305BB276C24B3ACA /* Pods */,
				86259A36EF97A5404FF416BD /* Frameworks */,
			);
			sourceTree = "<group>";
		};
		7762D9FF1C8936570032CC10 /* Products */ = {
			isa = PBXGroup;
			children = (
				7762D9FE1C8936570032CC10 /* BikePathTracker.app */,
			);
			name = Products;
			sourceTree = "<group>";
		};
		7762DA001C8936570032CC10 /* BikePathTracker */ = {
			isa = PBXGroup;
			children = (
				7762DA011C8936570032CC10 /* AppDelegate.swift */,
				7762DA031C8936570032CC10 /* ViewController.swift */,
				7762DA051C8936570032CC10 /* Main.storyboard */,
				7762DA081C8936570032CC10 /* Assets.xcassets */,
				7762DA0A1C8936570032CC10 /* LaunchScreen.storyboard */,
				7762DA0D1C8936570032CC10 /* Info.plist */,
			);
			path = BikePathTracker;
			sourceTree = "<group>";
		};
		86259A36EF97A5404FF416BD /* Frameworks */ = {
			isa = PBXGroup;
			children = (
				D943F7F6F4064633B1A271F9 /* libPods.a */,
			);
			name = Frameworks;
			sourceTree = "<group>";
		};
		94240199305BB276C24B3ACA /* Pods */ = {
			isa = PBXGroup;
			children = (
				DA1B67921FDAAF0714331781 /* Pods.debug.xcconfig */,
				E3EAEDDD23DFD7C4C69BC5FD /* Pods.release.xcconfig */,
			);
			name = Pods;
			sourceTree = "<group>";
		};
/* End PBXGroup section */

/* Begin PBXNativeTarget section */
		7762D9FD1C8936570032CC10 /* BikePathTracker */ = {
			isa = PBXNativeTarget;
			buildConfigurationList = 7762DA101C8936570032CC10 /* Build configuration list for PBXNativeTarget "BikePathTracker" */;
			buildPhases = (
				AF83021D075502A449A39AB5 /* Check Pods Manifest.lock */,
				7762D9FA1C8936570032CC10 /* Sources */,
				7762D9FB1C8936570032CC10 /* Frameworks */,
				7762D9FC1C8936570032CC10 /* Resources */,
				C6B64522D43F47130C86766F /* Embed Pods Frameworks */,
				F6D91BBD6FE9AE6FCC258B0F /* Copy Pods Resources */,
			);
			buildRules = (
			);
			dependencies = (
			);
			name = BikePathTracker;
			productName = BikePathTracker;
			productReference = 7762D9FE1C8936570032CC10 /* BikePathTracker.app */;
			productType = "com.apple.product-type.application";
		};
/* End PBXNativeTarget section */

/* Begin PBXProject section */
		7762D9F61C8936570032CC10 /* Project object */ = {
			isa = PBXProject;
			attributes = {
				LastUpgradeCheck = 0700;
				ORGANIZATIONNAME = "Kevin Lin";
				TargetAttributes = {
					7762D9FD1C8936570032CC10 = {
						CreatedOnToolsVersion = 7.0.1;
						DevelopmentTeam = 9HU59Z4X44;
					};
				};
			};
			buildConfigurationList = 7762D9F91C8936570032CC10 /* Build configuration list for PBXProject "BikePathTracker" */;
			compatibilityVersion = "Xcode 3.2";
			developmentRegion = English;
			hasScannedForEncodings = 0;
			knownRegions = (
				en,
				Base,
			);
			mainGroup = 7762D9F51C8936570032CC10;
			productRefGroup = 7762D9FF1C8936570032CC10 /* Products */;
			projectDirPath = "";
			projectRoot = "";
			targets = (
				7762D9FD1C8936570032CC10 /* BikePathTracker */,
			);
		};
/* End PBXProject section */

/* Begin PBXResourcesBuildPhase section */
		7762D9FC1C8936570032CC10 /* Resources */ = {
			isa = PBXResourcesBuildPhase;
			buildActionMask = 2147483647;
			files = (
				7762DA0C1C8936570032CC10 /* LaunchScreen.storyboard in Resources */,
				7762DA091C8936570032CC10 /* Assets.xcassets in Resources */,
				7762DA071C8936570032CC10 /* Main.storyboard in Resources */,
			);
			runOnlyForDeploymentPostprocessing = 0;
		};
/* End PBXResourcesBuildPhase section */

/* Begin PBXShellScriptBuildPhase section */
		AF83021D075502A449A39AB5 /* Check Pods Manifest.lock */ = {
			isa = PBXShellScriptBuildPhase;
			buildActionMask = 2147483647;
			files = (
			);
			inputPaths = (
			);
			name = "Check Pods Manifest.lock";
			outputPaths = (
			);
			runOnlyForDeploymentPostprocessing = 0;
			shellPath = /bin/sh;
			shellScript = "diff \"${PODS_ROOT}/../Podfile.lock\" \"${PODS_ROOT}/Manifest.lock\" > /dev/null\nif [[ $? != 0 ]] ; then\n    cat << EOM\nerror: The sandbox is not in sync with the Podfile.lock. Run 'pod install' or update your CocoaPods installation.\nEOM\n    exit 1\nfi\n";
			showEnvVarsInLog = 0;
		};
		C6B64522D43F47130C86766F /* Embed Pods Frameworks */ = {
			isa = PBXShellScriptBuildPhase;
			buildActionMask = 2147483647;
			files = (
			);
			inputPaths = (
			);
			name = "Embed Pods Frameworks";
			outputPaths = (
			);
			runOnlyForDeploymentPostprocessing = 0;
			shellPath = /bin/sh;
			shellScript = "\"${SRCROOT}/Pods/Target Support Files/Pods/Pods-frameworks.sh\"\n";
			showEnvVarsInLog = 0;
		};
		F6D91BBD6FE9AE6FCC258B0F /* Copy Pods Resources */ = {
			isa = PBXShellScriptBuildPhase;
			buildActionMask = 2147483647;
			files = (
			);
			inputPaths = (
			);
			name = "Copy Pods Resources";
			outputPaths = (
			);
			runOnlyForDeploymentPostprocessing = 0;
			shellPath = /bin/sh;
			shellScript = "\"${SRCROOT}/Pods/Target Support Files/Pods/Pods-resources.sh\"\n";
			showEnvVarsInLog = 0;
		};
/* End PBXShellScriptBuildPhase section */

/* Begin PBXSourcesBuildPhase section */
		7762D9FA1C8936570032CC10 /* Sources */ = {
			isa = PBXSourcesBuildPhase;
			buildActionMask = 2147483647;
			files = (
				7762DA041C8936570032CC10 /* ViewController.swift in Sources */,
				7762DA021C8936570032CC10 /* AppDelegate.swift in Sources */,
			);
			runOnlyForDeploymentPostprocessing = 0;
		};
/* End PBXSourcesBuildPhase section */

/* Begin PBXVariantGroup section */
		7762DA051C8936570032CC10 /* Main.storyboard */ = {
			isa = PBXVariantGroup;
			children = (
				7762DA061C8936570032CC10 /* Base */,
			);
			name = Main.storyboard;
			sourceTree = "<group>";
		};
		7762DA0A1C8936570032CC10 /* LaunchScreen.storyboard */ = {
			isa = PBXVariantGroup;
			children = (
				7762DA0B1C8936570032CC10 /* Base */,
			);
			name = LaunchScreen.storyboard;
			sourceTree = "<group>";
		};
/* End PBXVariantGroup section */

/* Begin XCBuildConfiguration section */
		7762DA0E1C8936570032CC10 /* Debug */ = {
			isa = XCBuildConfiguration;
			buildSettings = {
				ALWAYS_SEARCH_USER_PATHS = NO;
				CLANG_CXX_LANGUAGE_STANDARD = "gnu++0x";
				CLANG_CXX_LIBRARY = "libc++";
				CLANG_ENABLE_MODULES = YES;
				CLANG_ENABLE_OBJC_ARC = YES;
				CLANG_WARN_BOOL_CONVERSION = YES;
				CLANG_WARN_CONSTANT_CONVERSION = YES;
				CLANG_WARN_DIRECT_OBJC_ISA_USAGE = YES_ERROR;
				CLANG_WARN_EMPTY_BODY = YES;
				CLANG_WARN_ENUM_CONVERSION = YES;
				CLANG_WARN_INT_CONVERSION = YES;
				CLANG_WARN_OBJC_ROOT_CLASS = YES_ERROR;
				CLANG_WARN_UNREACHABLE_CODE = YES;
				CLANG_WARN__DUPLICATE_METHOD_MATCH = YES;
				"CODE_SIGN_IDENTITY[sdk=iphoneos*]" = "iPhone Developer";
				COPY_PHASE_STRIP = NO;
				DEBUG_INFORMATION_FORMAT = dwarf;
				ENABLE_STRICT_OBJC_MSGSEND = YES;
				ENABLE_TESTABILITY = YES;
				GCC_C_LANGUAGE_STANDARD = gnu99;
				GCC_DYNAMIC_NO_PIC = NO;
				GCC_NO_COMMON_BLOCKS = YES;
				GCC_OPTIMIZATION_LEVEL = 0;
				GCC_PREPROCESSOR_DEFINITIONS = (
					"DEBUG=1",
					"$(inherited)",
				);
				GCC_WARN_64_TO_32_BIT_CONVERSION = YES;
				GCC_WARN_ABOUT_RETURN_TYPE = YES_ERROR;
				GCC_WARN_UNDECLARED_SELECTOR = YES;
				GCC_WARN_UNINITIALIZED_AUTOS = YES_AGGRESSIVE;
				GCC_WARN_UNUSED_FUNCTION = YES;
				GCC_WARN_UNUSED_VARIABLE = YES;
				IPHONEOS_DEPLOYMENT_TARGET = 9.0;
				MTL_ENABLE_DEBUG_INFO = YES;
				ONLY_ACTIVE_ARCH = YES;
				SDKROOT = iphoneos;
				SWIFT_OPTIMIZATION_LEVEL = "-Onone";
				TARGETED_DEVICE_FAMILY = "1,2";
			};
			name = Debug;
		};
		7762DA0F1C8936570032CC10 /* Release */ = {
			isa = XCBuildConfiguration;
			buildSettings = {
				ALWAYS_SEARCH_USER_PATHS = NO;
				CLANG_CXX_LANGUAGE_STANDARD = "gnu++0x";
				CLANG_CXX_LIBRARY = "libc++";
				CLANG_ENABLE_MODULES = YES;
				CLANG_ENABLE_OBJC_ARC = YES;
				CLANG_WARN_BOOL_CONVERSION = YES;
				CLANG_WARN_CONSTANT_CONVERSION = YES;
				CLANG_WARN_DIRECT_OBJC_ISA_USAGE = YES_ERROR;
				CLANG_WARN_EMPTY_BODY = YES;
				CLANG_WARN_ENUM_CONVERSION = YES;
				CLANG_WARN_INT_CONVERSION = YES;
				CLANG_WARN_OBJC_ROOT_CLASS = YES_ERROR;
				CLANG_WARN_UNREACHABLE_CODE = YES;
				CLANG_WARN__DUPLICATE_METHOD_MATCH = YES;
				"CODE_SIGN_IDENTITY[sdk=iphoneos*]" = "iPhone Developer";
				COPY_PHASE_STRIP = NO;
				DEBUG_INFORMATION_FORMAT = "dwarf-with-dsym";
				ENABLE_NS_ASSERTIONS = NO;
				ENABLE_STRICT_OBJC_MSGSEND = YES;
				GCC_C_LANGUAGE_STANDARD = gnu99;
				GCC_NO_COMMON_BLOCKS = YES;
				GCC_WARN_64_TO_32_BIT_CONVERSION = YES;
				GCC_WARN_ABOUT_RETURN_TYPE = YES_ERROR;
				GCC_WARN_UNDECLARED_SELECTOR = YES;
				GCC_WARN_UNINITIALIZED_AUTOS = YES_AGGRESSIVE;
				GCC_WARN_UNUSED_FUNCTION = YES;
				GCC_WARN_UNUSED_VARIABLE = YES;
				IPHONEOS_DEPLOYMENT_TARGET = 9.0;
				MTL_ENABLE_DEBUG_INFO = NO;
				SDKROOT = iphoneos;
				TARGETED_DEVICE_FAMILY = "1,2";
				VALIDATE_PRODUCT = YES;
			};
			name = Release;
		};
		7762DA111C8936570032CC10 /* Debug */ = {
			isa = XCBuildConfiguration;
			baseConfigurationReference = DA1B67921FDAAF0714331781 /* Pods.debug.xcconfig */;
			buildSettings = {
				ASSETCATALOG_COMPILER_APPICON_NAME = AppIcon;
				CODE_SIGN_IDENTITY = "iPhone Developer";
				"CODE_SIGN_IDENTITY[sdk=iphoneos*]" = "iPhone Developer";
				INFOPLIST_FILE = BikePathTracker/Info.plist;
				IPHONEOS_DEPLOYMENT_TARGET = 8.0;
				LD_RUNPATH_SEARCH_PATHS = "$(inherited) @executable_path/Frameworks";
				PRODUCT_BUNDLE_IDENTIFIER = me.linkevin.BikePathTracker;
				PRODUCT_NAME = "$(TARGET_NAME)";
				PROVISIONING_PROFILE = "";
			};
			name = Debug;
		};
		7762DA121C8936570032CC10 /* Release */ = {
			isa = XCBuildConfiguration;
			baseConfigurationReference = E3EAEDDD23DFD7C4C69BC5FD /* Pods.release.xcconfig */;
			buildSettings = {
				ASSETCATALOG_COMPILER_APPICON_NAME = AppIcon;
				CODE_SIGN_IDENTITY = "iPhone Developer";
				"CODE_SIGN_IDENTITY[sdk=iphoneos*]" = "iPhone Developer";
				INFOPLIST_FILE = BikePathTracker/Info.plist;
				IPHONEOS_DEPLOYMENT_TARGET = 8.0;
				LD_RUNPATH_SEARCH_PATHS = "$(inherited) @executable_path/Frameworks";
				PRODUCT_BUNDLE_IDENTIFIER = me.linkevin.BikePathTracker;
				PRODUCT_NAME = "$(TARGET_NAME)";
				PROVISIONING_PROFILE = "";
			};
			name = Release;
		};
/* End XCBuildConfiguration section */

/* Begin XCConfigurationList section */
		7762D9F91C8936570032CC10 /* Build configuration list for PBXProject "BikePathTracker" */ = {
			isa = XCConfigurationList;
			buildConfigurations = (
				7762DA0E1C8936570032CC10 /* Debug */,
				7762DA0F1C8936570032CC10 /* Release */,
			);
			defaultConfigurationIsVisible = 0;
			defaultConfigurationName = Release;
		};
		7762DA101C8936570032CC10 /* Build configuration list for PBXNativeTarget "BikePathTracker" */ = {
			isa = XCConfigurationList;
			buildConfigurations = (
				7762DA111C8936570032CC10 /* Debug */,
				7762DA121C8936570032CC10 /* Release */,
			);
			defaultConfigurationIsVisible = 0;
			defaultConfigurationName = Release;
		};
/* End XCConfigurationList section */
	};
	rootObject = 7762D9F61C8936570032CC10 /* Project object */;
}
